// !$*UTF8*$!
{
	archiveVersion = 1;
	classes = {
	};
	objectVersion = 50;
	objects = {

/* Begin PBXBuildFile section */
		83E9B2E22526307F00EA0B13 /* AppDelegate.m in Sources */ = {isa = PBXBuildFile; fileRef = 83E9B2E12526307F00EA0B13 /* AppDelegate.m */; };
		83E9B2E52526307F00EA0B13 /* DocumentBrowserViewController.m in Sources */ = {isa = PBXBuildFile; fileRef = 83E9B2E42526307F00EA0B13 /* DocumentBrowserViewController.m */; };
		83E9B2E82526307F00EA0B13 /* DocumentViewController.m in Sources */ = {isa = PBXBuildFile; fileRef = 83E9B2E72526307F00EA0B13 /* DocumentViewController.m */; };
		83E9B2EB2526307F00EA0B13 /* Document.m in Sources */ = {isa = PBXBuildFile; fileRef = 83E9B2EA2526307F00EA0B13 /* Document.m */; };
		83E9B2EE2526307F00EA0B13 /* Main.storyboard in Resources */ = {isa = PBXBuildFile; fileRef = 83E9B2EC2526307F00EA0B13 /* Main.storyboard */; };
		83E9B2F02526308000EA0B13 /* Assets.xcassets in Resources */ = {isa = PBXBuildFile; fileRef = 83E9B2EF2526308000EA0B13 /* Assets.xcassets */; };
		83E9B2F32526308000EA0B13 /* LaunchScreen.storyboard in Resources */ = {isa = PBXBuildFile; fileRef = 83E9B2F12526308000EA0B13 /* LaunchScreen.storyboard */; };
		83E9B2F62526308000EA0B13 /* main.m in Sources */ = {isa = PBXBuildFile; fileRef = 83E9B2F52526308000EA0B13 /* main.m */; };
/* End PBXBuildFile section */

/* Begin PBXFileReference section */
		83E9B2DD2526307F00EA0B13 /* DocumentBrowserScrewiness.app */ = {isa = PBXFileReference; explicitFileType = wrapper.application; includeInIndex = 0; path = DocumentBrowserScrewiness.app; sourceTree = BUILT_PRODUCTS_DIR; };
		83E9B2E02526307F00EA0B13 /* AppDelegate.h */ = {isa = PBXFileReference; lastKnownFileType = sourcecode.c.h; path = AppDelegate.h; sourceTree = "<group>"; };
		83E9B2E12526307F00EA0B13 /* AppDelegate.m */ = {isa = PBXFileReference; lastKnownFileType = sourcecode.c.objc; path = AppDelegate.m; sourceTree = "<group>"; };
		83E9B2E32526307F00EA0B13 /* DocumentBrowserViewController.h */ = {isa = PBXFileReference; lastKnownFileType = sourcecode.c.h; path = DocumentBrowserViewController.h; sourceTree = "<group>"; };
		83E9B2E42526307F00EA0B13 /* DocumentBrowserViewController.m */ = {isa = PBXFileReference; lastKnownFileType = sourcecode.c.objc; path = DocumentBrowserViewController.m; sourceTree = "<group>"; };
		83E9B2E62526307F00EA0B13 /* DocumentViewController.h */ = {isa = PBXFileReference; lastKnownFileType = sourcecode.c.h; path = DocumentViewController.h; sourceTree = "<group>"; };
		83E9B2E72526307F00EA0B13 /* DocumentViewController.m */ = {isa = PBXFileReference; lastKnownFileType = sourcecode.c.objc; path = DocumentViewController.m; sourceTree = "<group>"; };
		83E9B2E92526307F00EA0B13 /* Document.h */ = {isa = PBXFileReference; lastKnownFileType = sourcecode.c.h; path = Document.h; sourceTree = "<group>"; };
		83E9B2EA2526307F00EA0B13 /* Document.m */ = {isa = PBXFileReference; lastKnownFileType = sourcecode.c.objc; path = Document.m; sourceTree = "<group>"; };
		83E9B2ED2526307F00EA0B13 /* Base */ = {isa = PBXFileReference; lastKnownFileType = file.storyboard; name = Base; path = Base.lproj/Main.storyboard; sourceTree = "<group>"; };
		83E9B2EF2526308000EA0B13 /* Assets.xcassets */ = {isa = PBXFileReference; lastKnownFileType = folder.assetcatalog; path = Assets.xcassets; sourceTree = "<group>"; };
		83E9B2F22526308000EA0B13 /* Base */ = {isa = PBXFileReference; lastKnownFileType = file.storyboard; name = Base; path = Base.lproj/LaunchScreen.storyboard; sourceTree = "<group>"; };
		83E9B2F42526308000EA0B13 /* Info.plist */ = {isa = PBXFileReference; lastKnownFileType = text.plist.xml; path = Info.plist; sourceTree = "<group>"; };
		83E9B2F52526308000EA0B13 /* main.m */ = {isa = PBXFileReference; lastKnownFileType = sourcecode.c.objc; path = main.m; sourceTree = "<group>"; };
/* End PBXFileReference section */

/* Begin PBXFrameworksBuildPhase section */
		83E9B2DA2526307F00EA0B13 /* Frameworks */ = {
			isa = PBXFrameworksBuildPhase;
			buildActionMask = 2147483647;
			files = (
			);
			runOnlyForDeploymentPostprocessing = 0;
		};
/* End PBXFrameworksBuildPhase section */

/* Begin PBXGroup section */
		83E9B2D42526307F00EA0B13 = {
			isa = PBXGroup;
			children = (
				83E9B2DF2526307F00EA0B13 /* DocumentBrowserScrewiness */,
				83E9B2DE2526307F00EA0B13 /* Products */,
			);
			sourceTree = "<group>";
		};
		83E9B2DE2526307F00EA0B13 /* Products */ = {
			isa = PBXGroup;
			children = (
				83E9B2DD2526307F00EA0B13 /* DocumentBrowserScrewiness.app */,
			);
			name = Products;
			sourceTree = "<group>";
		};
		83E9B2DF2526307F00EA0B13 /* DocumentBrowserScrewiness */ = {
			isa = PBXGroup;
			children = (
				83E9B2E02526307F00EA0B13 /* AppDelegate.h */,
				83E9B2E12526307F00EA0B13 /* AppDelegate.m */,
				83E9B2E32526307F00EA0B13 /* DocumentBrowserViewController.h */,
				83E9B2E42526307F00EA0B13 /* DocumentBrowserViewController.m */,
				83E9B2E62526307F00EA0B13 /* DocumentViewController.h */,
				83E9B2E72526307F00EA0B13 /* DocumentViewController.m */,
				83E9B2E92526307F00EA0B13 /* Document.h */,
				83E9B2EA2526307F00EA0B13 /* Document.m */,
				83E9B2EC2526307F00EA0B13 /* Main.storyboard */,
				83E9B2EF2526308000EA0B13 /* Assets.xcassets */,
				83E9B2F12526308000EA0B13 /* LaunchScreen.storyboard */,
				83E9B2F42526308000EA0B13 /* Info.plist */,
				83E9B2F52526308000EA0B13 /* main.m */,
			);
			path = DocumentBrowserScrewiness;
			sourceTree = "<group>";
		};
/* End PBXGroup section */

/* Begin PBXNativeTarget section */
		83E9B2DC2526307F00EA0B13 /* DocumentBrowserScrewiness */ = {
			isa = PBXNativeTarget;
			buildConfigurationList = 83E9B2F92526308000EA0B13 /* Build configuration list for PBXNativeTarget "DocumentBrowserScrewiness" */;
			buildPhases = (
				83E9B2D92526307F00EA0B13 /* Sources */,
				83E9B2DA2526307F00EA0B13 /* Frameworks */,
				83E9B2DB2526307F00EA0B13 /* Resources */,
			);
			buildRules = (
			);
			dependencies = (
			);
			name = DocumentBrowserScrewiness;
			productName = DocumentBrowserScrewiness;
			productReference = 83E9B2DD2526307F00EA0B13 /* DocumentBrowserScrewiness.app */;
			productType = "com.apple.product-type.application";
		};
/* End PBXNativeTarget section */

/* Begin PBXProject section */
		83E9B2D52526307F00EA0B13 /* Project object */ = {
			isa = PBXProject;
			attributes = {
				LastUpgradeCheck = 1220;
				TargetAttributes = {
					83E9B2DC2526307F00EA0B13 = {
						CreatedOnToolsVersion = 12.2;
					};
				};
			};
			buildConfigurationList = 83E9B2D82526307F00EA0B13 /* Build configuration list for PBXProject "DocumentBrowserScrewiness" */;
			compatibilityVersion = "Xcode 9.3";
			developmentRegion = en;
			hasScannedForEncodings = 0;
			knownRegions = (
				en,
				Base,
			);
			mainGroup = 83E9B2D42526307F00EA0B13;
			productRefGroup = 83E9B2DE2526307F00EA0B13 /* Products */;
			projectDirPath = "";
			projectRoot = "";
			targets = (
				83E9B2DC2526307F00EA0B13 /* DocumentBrowserScrewiness */,
			);
		};
/* End PBXProject section */

/* Begin PBXResourcesBuildPhase section */
		83E9B2DB2526307F00EA0B13 /* Resources */ = {
			isa = PBXResourcesBuildPhase;
			buildActionMask = 2147483647;
			files = (
				83E9B2F32526308000EA0B13 /* LaunchScreen.storyboard in Resources */,
				83E9B2F02526308000EA0B13 /* Assets.xcassets in Resources */,
				83E9B2EE2526307F00EA0B13 /* Main.storyboard in Resources */,
			);
			runOnlyForDeploymentPostprocessing = 0;
		};
/* End PBXResourcesBuildPhase section */

/* Begin PBXSourcesBuildPhase section */
		83E9B2D92526307F00EA0B13 /* Sources */ = {
			isa = PBXSourcesBuildPhase;
			buildActionMask = 2147483647;
			files = (
				83E9B2F62526308000EA0B13 /* main.m in Sources */,
				83E9B2EB2526307F00EA0B13 /* Document.m in Sources */,
				83E9B2E52526307F00EA0B13 /* DocumentBrowserViewController.m in Sources */,
				83E9B2E82526307F00EA0B13 /* DocumentViewController.m in Sources */,
				83E9B2E22526307F00EA0B13 /* AppDelegate.m in Sources */,
			);
			runOnlyForDeploymentPostprocessing = 0;
		};
/* End PBXSourcesBuildPhase section */

/* Begin PBXVariantGroup section */
		83E9B2EC2526307F00EA0B13 /* Main.storyboard */ = {
			isa = PBXVariantGroup;
			children = (
				83E9B2ED2526307F00EA0B13 /* Base */,
			);
			name = Main.storyboard;
			sourceTree = "<group>";
		};
		83E9B2F12526308000EA0B13 /* LaunchScreen.storyboard */ = {
			isa = PBXVariantGroup;
			children = (
				83E9B2F22526308000EA0B13 /* Base */,
			);
			name = LaunchScreen.storyboard;
			sourceTree = "<group>";
		};
/* End PBXVariantGroup section */

/* Begin XCBuildConfiguration section */
		83E9B2F72526308000EA0B13 /* Debug */ = {
			isa = XCBuildConfiguration;
			buildSettings = {
				ALWAYS_SEARCH_USER_PATHS = NO;
				CLANG_ANALYZER_NONNULL = YES;
				CLANG_ANALYZER_NUMBER_OBJECT_CONVERSION = YES_AGGRESSIVE;
				CLANG_CXX_LANGUAGE_STANDARD = "gnu++14";
				CLANG_CXX_LIBRARY = "libc++";
				CLANG_ENABLE_MODULES = YES;
				CLANG_ENABLE_OBJC_ARC = YES;
				CLANG_ENABLE_OBJC_WEAK = YES;
				CLANG_WARN_BLOCK_CAPTURE_AUTORELEASING = YES;
				CLANG_WARN_BOOL_CONVERSION = YES;
				CLANG_WARN_COMMA = YES;
				CLANG_WARN_CONSTANT_CONVERSION = YES;
				CLANG_WARN_DEPRECATED_OBJC_IMPLEMENTATIONS = YES;
				CLANG_WARN_DIRECT_OBJC_ISA_USAGE = YES_ERROR;
				CLANG_WARN_DOCUMENTATION_COMMENTS = YES;
				CLANG_WARN_EMPTY_BODY = YES;
				CLANG_WARN_ENUM_CONVERSION = YES;
				CLANG_WARN_INFINITE_RECURSION = YES;
				CLANG_WARN_INT_CONVERSION = YES;
				CLANG_WARN_NON_LITERAL_NULL_CONVERSION = YES;
				CLANG_WARN_OBJC_IMPLICIT_RETAIN_SELF = YES;
				CLANG_WARN_OBJC_LITERAL_CONVERSION = YES;
				CLANG_WARN_OBJC_ROOT_CLASS = YES_ERROR;
				CLANG_WARN_QUOTED_INCLUDE_IN_FRAMEWORK_HEADER = YES;
				CLANG_WARN_RANGE_LOOP_ANALYSIS = YES;
				CLANG_WARN_STRICT_PROTOTYPES = YES;
				CLANG_WARN_SUSPICIOUS_MOVE = YES;
				CLANG_WARN_UNGUARDED_AVAILABILITY = YES_AGGRESSIVE;
				CLANG_WARN_UNREACHABLE_CODE = YES;
				CLANG_WARN__DUPLICATE_METHOD_MATCH = YES;
				COPY_PHASE_STRIP = NO;
				DEBUG_INFORMATION_FORMAT = dwarf;
				ENABLE_STRICT_OBJC_MSGSEND = YES;
				ENABLE_TESTABILITY = YES;
				GCC_C_LANGUAGE_STANDARD = gnu11;
				GCC_DYNAMIC_NO_PIC = NO;
				GCC_NO_COMMON_BLOCKS = YES;
				GCC_OPTIMIZATION_LEVEL = 0;
				GCC_PREPROCESSOR_DEFINITIONS = (
					"DEBUG=1",
					"$(inherited)",
				);
				GCC_WARN_64_TO_32_BIT_CONVERSION = YES;
				GCC_WARN_ABOUT_RETURN_TYPE = YES_ERROR;
				GCC_WARN_UNDECLARED_SELECTOR = YES;
				GCC_WARN_UNINITIALIZED_AUTOS = YES_AGGRESSIVE;
				GCC_WARN_UNUSED_FUNCTION = YES;
				GCC_WARN_UNUSED_VARIABLE = YES;
				IPHONEOS_DEPLOYMENT_TARGET = 14.2;
				MTL_ENABLE_DEBUG_INFO = INCLUDE_SOURCE;
				MTL_FAST_MATH = YES;
				ONLY_ACTIVE_ARCH = YES;
				SDKROOT = iphoneos;
			};
			name = Debug;
		};
		83E9B2F82526308000EA0B13 /* Release */ = {
			isa = XCBuildConfiguration;
			buildSettings = {
				ALWAYS_SEARCH_USER_PATHS = NO;
				CLANG_ANALYZER_NONNULL = YES;
				CLANG_ANALYZER_NUMBER_OBJECT_CONVERSION = YES_AGGRESSIVE;
				CLANG_CXX_LANGUAGE_STANDARD = "gnu++14";
				CLANG_CXX_LIBRARY = "libc++";
				CLANG_ENABLE_MODULES = YES;
				CLANG_ENABLE_OBJC_ARC = YES;
				CLANG_ENABLE_OBJC_WEAK = YES;
				CLANG_WARN_BLOCK_CAPTURE_AUTORELEASING = YES;
				CLANG_WARN_BOOL_CONVERSION = YES;
				CLANG_WARN_COMMA = YES;
				CLANG_WARN_CONSTANT_CONVERSION = YES;
				CLANG_WARN_DEPRECATED_OBJC_IMPLEMENTATIONS = YES;
				CLANG_WARN_DIRECT_OBJC_ISA_USAGE = YES_ERROR;
				CLANG_WARN_DOCUMENTATION_COMMENTS = YES;
				CLANG_WARN_EMPTY_BODY = YES;
				CLANG_WARN_ENUM_CONVERSION = YES;
				CLANG_WARN_INFINITE_RECURSION = YES;
				CLANG_WARN_INT_CONVERSION = YES;
				CLANG_WARN_NON_LITERAL_NULL_CONVERSION = YES;
				CLANG_WARN_OBJC_IMPLICIT_RETAIN_SELF = YES;
				CLANG_WARN_OBJC_LITERAL_CONVERSION = YES;
				CLANG_WARN_OBJC_ROOT_CLASS = YES_ERROR;
				CLANG_WARN_QUOTED_INCLUDE_IN_FRAMEWORK_HEADER = YES;
				CLANG_WARN_RANGE_LOOP_ANALYSIS = YES;
				CLANG_WARN_STRICT_PROTOTYPES = YES;
				CLANG_WARN_SUSPICIOUS_MOVE = YES;
				CLANG_WARN_UNGUARDED_AVAILABILITY = YES_AGGRESSIVE;
				CLANG_WARN_UNREACHABLE_CODE = YES;
				CLANG_WARN__DUPLICATE_METHOD_MATCH = YES;
				COPY_PHASE_STRIP = NO;
				DEBUG_INFORMATION_FORMAT = "dwarf-with-dsym";
				ENABLE_NS_ASSERTIONS = NO;
				ENABLE_STRICT_OBJC_MSGSEND = YES;
				GCC_C_LANGUAGE_STANDARD = gnu11;
				GCC_NO_COMMON_BLOCKS = YES;
				GCC_WARN_64_TO_32_BIT_CONVERSION = YES;
				GCC_WARN_ABOUT_RETURN_TYPE = YES_ERROR;
				GCC_WARN_UNDECLARED_SELECTOR = YES;
				GCC_WARN_UNINITIALIZED_AUTOS = YES_AGGRESSIVE;
				GCC_WARN_UNUSED_FUNCTION = YES;
				GCC_WARN_UNUSED_VARIABLE = YES;
				IPHONEOS_DEPLOYMENT_TARGET = 14.2;
				MTL_ENABLE_DEBUG_INFO = NO;
				MTL_FAST_MATH = YES;
				SDKROOT = iphoneos;
				VALIDATE_PRODUCT = YES;
			};
			name = Release;
		};
		83E9B2FA2526308000EA0B13 /* Debug */ = {
			isa = XCBuildConfiguration;
			buildSettings = {
				ASSETCATALOG_COMPILER_APPICON_NAME = AppIcon;
				ASSETCATALOG_COMPILER_GLOBAL_ACCENT_COLOR_NAME = AccentColor;
				CODE_SIGN_STYLE = Automatic;
				DEVELOPMENT_TEAM = FZ6W74R3XC;
				INFOPLIST_FILE = DocumentBrowserScrewiness/Info.plist;
				IPHONEOS_DEPLOYMENT_TARGET = 14.0;
				LD_RUNPATH_SEARCH_PATHS = (
					"$(inherited)",
					"@executable_path/Frameworks",
				);
				PRODUCT_BUNDLE_IDENTIFIER = com.supermegaultragroovy.DocumentBrowserScrewiness;
				PRODUCT_NAME = "$(TARGET_NAME)";
				TARGETED_DEVICE_FAMILY = "1,2";
			};
			name = Debug;
		};
		83E9B2FB2526308000EA0B13 /* Release */ = {
			isa = XCBuildConfiguration;
			buildSettings = {
				ASSETCATALOG_COMPILER_APPICON_NAME = AppIcon;
				ASSETCATALOG_COMPILER_GLOBAL_ACCENT_COLOR_NAME = AccentColor;
				CODE_SIGN_STYLE = Automatic;
				DEVELOPMENT_TEAM = FZ6W74R3XC;
				INFOPLIST_FILE = DocumentBrowserScrewiness/Info.plist;
				IPHONEOS_DEPLOYMENT_TARGET = 14.0;
				LD_RUNPATH_SEARCH_PATHS = (
					"$(inherited)",
					"@executable_path/Frameworks",
				);
				PRODUCT_BUNDLE_IDENTIFIER = com.supermegaultragroovy.DocumentBrowserScrewiness;
				PRODUCT_NAME = "$(TARGET_NAME)";
				TARGETED_DEVICE_FAMILY = "1,2";
			};
			name = Release;
		};
/* End XCBuildConfiguration section */

/* Begin XCConfigurationList section */
		83E9B2D82526307F00EA0B13 /* Build configuration list for PBXProject "DocumentBrowserScrewiness" */ = {
			isa = XCConfigurationList;
			buildConfigurations = (
				83E9B2F72526308000EA0B13 /* Debug */,
				83E9B2F82526308000EA0B13 /* Release */,
			);
			defaultConfigurationIsVisible = 0;
			defaultConfigurationName = Release;
		};
		83E9B2F92526308000EA0B13 /* Build configuration list for PBXNativeTarget "DocumentBrowserScrewiness" */ = {
			isa = XCConfigurationList;
			buildConfigurations = (
				83E9B2FA2526308000EA0B13 /* Debug */,
				83E9B2FB2526308000EA0B13 /* Release */,
			);
			defaultConfigurationIsVisible = 0;
			defaultConfigurationName = Release;
		};
/* End XCConfigurationList section */
	};
	rootObject = 83E9B2D52526307F00EA0B13 /* Project object */;
}
